{
  "name": "Trouve ton artisan",
  "lockfileVersion": 3,
  "requires": true,
  "packages": {
    "": {
      "dependencies": {
        "doemailer": "^0.0.1-security.1",
        "nodemailer": "^8.0.1"
      }
    },
    "node_modules/doemailer": {
      "version": "0.0.1-security.1",
      "resolved": "https://registry.npmjs.org/doemailer/-/doemailer-0.0.1-security.1.tgz",
      "integrity": "sha512-ShtQ6d1BYOWJsgY8ZTq4539YwzkdV0U2vauz0gi0xMU4YGaVepTeq2bpXpC4KFMvQKCWugU0GZWA681mJAHBxQ=="
    },
    "node_modules/nodemailer": {
      "version": "8.0.1",
      "resolved": "https://registry.npmjs.org/nodemailer/-/nodemailer-8.0.1.tgz",
      "integrity": "sha512-5kcldIXmaEjZcHR6F28IKGSgpmZHaF1IXLWFTG+Xh3S+Cce4MiakLtWY+PlBU69fLbRa8HlaGIrC/QolUpHkhg==",
      "license": "MIT-0",
      "engines": {
        "node": ">=6.0.0"
      }
    }
  }
}
